
Microsoft Visual Studio Solution File, Format Version 12.00
# Visual Studio Version 17
VisualStudioVersion = 17.1.32203.90
MinimumVisualStudioVersion = 10.0.40219.1
Project("{FAE04EC0-301F-11D3-BF4B-00C04F79EFBC}") = "RQReplace", "RQReplace.csproj", "{899CAB67-5F9C-408A-84B6-DDF37326EFB7}"
EndProject
Global
	GlobalSection(SolutionConfigurationPlatforms) = preSolution
		Debug|Any CPU = Debug|Any CPU
		Release|Any CPU = Release|Any CPU
	EndGlobalSection
	GlobalSection(ProjectConfigurationPlatforms) = postSolution
		{899CAB67-5F9C-408A-84B6-DDF37326EFB7}.Debug|Any CPU.ActiveCfg = Debug|Any CPU
		{899CAB67-5F9C-408A-84B6-DDF37326EFB7}.Debug|Any CPU.Build.0 = Debug|Any CPU
		{899CAB67-5F9C-408A-84B6-DDF37326EFB7}.Release|Any CPU.ActiveCfg = Release|Any CPU
		{899CAB67-5F9C-408A-84B6-DDF37326EFB7}.Release|Any CPU.Build.0 = Release|Any CPU
	EndGlobalSection
	GlobalSection(SolutionProperties) = preSolution
		HideSolutionNode = FALSE
	EndGlobalSection
	GlobalSection(ExtensibilityGlobals) = postSolution
		SolutionGuid = {3A3A3910-6D26-4A46-B6E9-9B35D174389A}
	EndGlobalSection
EndGlobal
